
Microsoft Visual Studio Solution File, Format Version 12.00
# Visual Studio 15
VisualStudioVersion = 15.0.27703.2026
MinimumVisualStudioVersion = 10.0.40219.1
Project("{FAE04EC0-301F-11D3-BF4B-00C04F79EFBC}") = "CodeChallenge", "CodeChallenge\CodeChallenge.csproj", "{D1B7F3CA-6CD1-4801-ADAB-29AC6A1CA1A7}"
EndProject
Project("{FAE04EC0-301F-11D3-BF4B-00C04F79EFBC}") = "CodeChallenge.Helper", "CodeChallenge.Helper\CodeChallenge.Helper.csproj", "{6117F125-601C-4A0F-BD28-D1E750C72741}"
EndProject
Global
	GlobalSection(SolutionConfigurationPlatforms) = preSolution
		Debug|Any CPU = Debug|Any CPU
		Release|Any CPU = Release|Any CPU
	EndGlobalSection
	GlobalSection(ProjectConfigurationPlatforms) = postSolution
		{D1B7F3CA-6CD1-4801-ADAB-29AC6A1CA1A7}.Debug|Any CPU.ActiveCfg = Debug|Any CPU
		{D1B7F3CA-6CD1-4801-ADAB-29AC6A1CA1A7}.Debug|Any CPU.Build.0 = Debug|Any CPU
		{D1B7F3CA-6CD1-4801-ADAB-29AC6A1CA1A7}.Release|Any CPU.ActiveCfg = Release|Any CPU
		{D1B7F3CA-6CD1-4801-ADAB-29AC6A1CA1A7}.Release|Any CPU.Build.0 = Release|Any CPU
		{6117F125-601C-4A0F-BD28-D1E750C72741}.Debug|Any CPU.ActiveCfg = Debug|Any CPU
		{6117F125-601C-4A0F-BD28-D1E750C72741}.Debug|Any CPU.Build.0 = Debug|Any CPU
		{6117F125-601C-4A0F-BD28-D1E750C72741}.Release|Any CPU.ActiveCfg = Release|Any CPU
		{6117F125-601C-4A0F-BD28-D1E750C72741}.Release|Any CPU.Build.0 = Release|Any CPU
	EndGlobalSection
	GlobalSection(SolutionProperties) = preSolution
		HideSolutionNode = FALSE
	EndGlobalSection
	GlobalSection(ExtensibilityGlobals) = postSolution
		SolutionGuid = {E4BE556F-8541-45A6-8767-13D6C1F89BE5}
	EndGlobalSection
EndGlobal
